// !$*UTF8*$!
{
	archiveVersion = 1;
	classes = {
	};
	objectVersion = 56;
	objects = {

/* Begin PBXBuildFile section */
		8E9AFBAE2FA6EEA1002E699A /* FocusFlowApp.swift in Sources */ = {isa = PBXBuildFile; fileRef = 8E9AFBAD2FA6EEA1002E699A /* FocusFlowApp.swift */; };
		8E9AFBB02FA6EEA1002E699A /* ContentView.swift in Sources */ = {isa = PBXBuildFile; fileRef = 8E9AFBAF2FA6EEA1002E699A /* ContentView.swift */; };
		8E9AFBB22FA6EEA3002E699A /* Assets.xcassets in Resources */ = {isa = PBXBuildFile; fileRef = 8E9AFBB12FA6EEA3002E699A /* Assets.xcassets */; };
		8E9AFBB52FA6EEA3002E699A /* Preview Assets.xcassets in Resources */ = {isa = PBXBuildFile; fileRef = 8E9AFBB42FA6EEA3002E699A /* Preview Assets.xcassets */; };
		8E9AFBC12FA6F186002E699A /* DashboardView.swift in Sources */ = {isa = PBXBuildFile; fileRef = 8E9AFBC02FA6F186002E699A /* DashboardView.swift */; };
		8E9AFBC32FA6F243002E699A /* Task.swift in Sources */ = {isa = PBXBuildFile; fileRef = 8E9AFBC22FA6F243002E699A /* Task.swift */; };
		8E9AFBC52FA6F338002E699A /* TimerView.swift in Sources */ = {isa = PBXBuildFile; fileRef = 8E9AFBC42FA6F338002E699A /* TimerView.swift */; };
		8E9AFBC72FA6F3D5002E699A /* AnalyticsView.swift in Sources */ = {isa = PBXBuildFile; fileRef = 8E9AFBC62FA6F3D5002E699A /* AnalyticsView.swift */; };
		8E9AFBC92FA6F505002E699A /* OnboardingView.swift in Sources */ = {isa = PBXBuildFile; fileRef = 8E9AFBC82FA6F505002E699A /* OnboardingView.swift */; };
		8E9AFBD32FA6FD97002E699A /* ProfileView.swift in Sources */ = {isa = PBXBuildFile; fileRef = 8E9AFBD22FA6FD97002E699A /* ProfileView.swift */; };
		8E9AFBD52FA70059002E699A /* MainTabView.swift in Sources */ = {isa = PBXBuildFile; fileRef = 8E9AFBD42FA70059002E699A /* MainTabView.swift */; };
		8E9AFBD72FA7028F002E699A /* LaunchScreen.storyboard in Resources */ = {isa = PBXBuildFile; fileRef = 8E9AFBD62FA7028F002E699A /* LaunchScreen.storyboard */; };
/* End PBXBuildFile section */

/* Begin PBXFileReference section */
		8E9AFBAA2FA6EEA1002E699A /* FocusFlow.app */ = {isa = PBXFileReference; explicitFileType = wrapper.application; includeInIndex = 0; path = FocusFlow.app; sourceTree = BUILT_PRODUCTS_DIR; };
		8E9AFBAD2FA6EEA1002E699A /* FocusFlowApp.swift */ = {isa = PBXFileReference; lastKnownFileType = sourcecode.swift; path = FocusFlowApp.swift; sourceTree = "<group>"; };
		8E9AFBAF2FA6EEA1002E699A /* ContentView.swift */ = {isa = PBXFileReference; lastKnownFileType = sourcecode.swift; path = ContentView.swift; sourceTree = "<group>"; };
		8E9AFBB12FA6EEA3002E699A /* Assets.xcassets */ = {isa = PBXFileReference; lastKnownFileType = folder.assetcatalog; path = Assets.xcassets; sourceTree = "<group>"; };
		8E9AFBB42FA6EEA3002E699A /* Preview Assets.xcassets */ = {isa = PBXFileReference; lastKnownFileType = folder.assetcatalog; path = "Preview Assets.xcassets"; sourceTree = "<group>"; };
		8E9AFBC02FA6F186002E699A /* DashboardView.swift */ = {isa = PBXFileReference; lastKnownFileType = sourcecode.swift; path = DashboardView.swift; sourceTree = "<group>"; };
		8E9AFBC22FA6F243002E699A /* Task.swift */ = {isa = PBXFileReference; lastKnownFileType = sourcecode.swift; path = Task.swift; sourceTree = "<group>"; };
		8E9AFBC42FA6F338002E699A /* TimerView.swift */ = {isa = PBXFileReference; lastKnownFileType = sourcecode.swift; path = TimerView.swift; sourceTree = "<group>"; };
		8E9AFBC62FA6F3D5002E699A /* AnalyticsView.swift */ = {isa = PBXFileReference; lastKnownFileType = sourcecode.swift; path = AnalyticsView.swift; sourceTree = "<group>"; };
		8E9AFBC82FA6F505002E699A /* OnboardingView.swift */ = {isa = PBXFileReference; lastKnownFileType = sourcecode.swift; path = OnboardingView.swift; sourceTree = "<group>"; };
		8E9AFBD22FA6FD97002E699A /* ProfileView.swift */ = {isa = PBXFileReference; lastKnownFileType = sourcecode.swift; path = ProfileView.swift; sourceTree = "<group>"; };
		8E9AFBD42FA70059002E699A /* MainTabView.swift */ = {isa = PBXFileReference; lastKnownFileType = sourcecode.swift; path = MainTabView.swift; sourceTree = "<group>"; };
		8E9AFBD62FA7028F002E699A /* LaunchScreen.storyboard */ = {isa = PBXFileReference; lastKnownFileType = file.storyboard; path = LaunchScreen.storyboard; sourceTree = "<group>"; };
/* End PBXFileReference section */

/* Begin PBXFrameworksBuildPhase section */
		8E9AFBA72FA6EEA1002E699A /* Frameworks */ = {
			isa = PBXFrameworksBuildPhase;
			buildActionMask = 2147483647;
			files = (
			);
			runOnlyForDeploymentPostprocessing = 0;
		};
/* End PBXFrameworksBuildPhase section */

/* Begin PBXGroup section */
		8E9AFBA12FA6EEA1002E699A = {
			isa = PBXGroup;
			children = (
				8E9AFBD62FA7028F002E699A /* LaunchScreen.storyboard */,
				8E9AFBBF2FA6F0FD002E699A /* Assets */,
				8E9AFBBE2FA6F0EF002E699A /* Components */,
				8E9AFBBD2FA6F0DE002E699A /* ViewModels */,
				8E9AFBBC2FA6F0D0002E699A /* Views  */,
				8E9AFBBB2FA6F0B0002E699A /* Models */,
				8E9AFBAC2FA6EEA1002E699A /* FocusFlow */,
				8E9AFBAB2FA6EEA1002E699A /* Products */,
			);
			sourceTree = "<group>";
		};
		8E9AFBAB2FA6EEA1002E699A /* Products */ = {
			isa = PBXGroup;
			children = (
				8E9AFBAA2FA6EEA1002E699A /* FocusFlow.app */,
			);
			name = Products;
			sourceTree = "<group>";
		};
		8E9AFBAC2FA6EEA1002E699A /* FocusFlow */ = {
			isa = PBXGroup;
			children = (
				8E9AFBAD2FA6EEA1002E699A /* FocusFlowApp.swift */,
				8E9AFBAF2FA6EEA1002E699A /* ContentView.swift */,
				8E9AFBB12FA6EEA3002E699A /* Assets.xcassets */,
				8E9AFBB32FA6EEA3002E699A /* Preview Content */,
			);
			path = FocusFlow;
			sourceTree = "<group>";
		};
		8E9AFBB32FA6EEA3002E699A /* Preview Content */ = {
			isa = PBXGroup;
			children = (
				8E9AFBB42FA6EEA3002E699A /* Preview Assets.xcassets */,
			);
			path = "Preview Content";
			sourceTree = "<group>";
		};
		8E9AFBBB2FA6F0B0002E699A /* Models */ = {
			isa = PBXGroup;
			children = (
				8E9AFBC22FA6F243002E699A /* Task.swift */,
			);
			path = Models;
			sourceTree = "<group>";
		};
		8E9AFBBC2FA6F0D0002E699A /* Views  */ = {
			isa = PBXGroup;
			children = (
				8E9AFBC02FA6F186002E699A /* DashboardView.swift */,
				8E9AFBC42FA6F338002E699A /* TimerView.swift */,
				8E9AFBC62FA6F3D5002E699A /* AnalyticsView.swift */,
				8E9AFBC82FA6F505002E699A /* OnboardingView.swift */,
				8E9AFBD22FA6FD97002E699A /* ProfileView.swift */,
				8E9AFBD42FA70059002E699A /* MainTabView.swift */,
			);
			path = "Views ";
			sourceTree = "<group>";
		};
		8E9AFBBD2FA6F0DE002E699A /* ViewModels */ = {
			isa = PBXGroup;
			children = (
			);
			path = ViewModels;
			sourceTree = "<group>";
		};
		8E9AFBBE2FA6F0EF002E699A /* Components */ = {
			isa = PBXGroup;
			children = (
			);
			path = Components;
			sourceTree = "<group>";
		};
		8E9AFBBF2FA6F0FD002E699A /* Assets */ = {
			isa = PBXGroup;
			children = (
			);
			path = Assets;
			sourceTree = "<group>";
		};
/* End PBXGroup section */

/* Begin PBXNativeTarget section */
		8E9AFBA92FA6EEA1002E699A /* FocusFlow */ = {
			isa = PBXNativeTarget;
			buildConfigurationList = 8E9AFBB82FA6EEA3002E699A /* Build configuration list for PBXNativeTarget "FocusFlow" */;
			buildPhases = (
				8E9AFBA62FA6EEA1002E699A /* Sources */,
				8E9AFBA72FA6EEA1002E699A /* Frameworks */,
				8E9AFBA82FA6EEA1002E699A /* Resources */,
			);
			buildRules = (
			);
			dependencies = (
			);
			name = FocusFlow;
			productName = FocusFlow;
			productReference = 8E9AFBAA2FA6EEA1002E699A /* FocusFlow.app */;
			productType = "com.apple.product-type.application";
		};
/* End PBXNativeTarget section */

/* Begin PBXProject section */
		8E9AFBA22FA6EEA1002E699A /* Project object */ = {
			isa = PBXProject;
			attributes = {
				BuildIndependentTargetsInParallel = 1;
				LastSwiftUpdateCheck = 1420;
				LastUpgradeCheck = 1420;
				TargetAttributes = {
					8E9AFBA92FA6EEA1002E699A = {
						CreatedOnToolsVersion = 14.2;
					};
				};
			};
			buildConfigurationList = 8E9AFBA52FA6EEA1002E699A /* Build configuration list for PBXProject "FocusFlow" */;
			compatibilityVersion = "Xcode 14.0";
			developmentRegion = en;
			hasScannedForEncodings = 0;
			knownRegions = (
				en,
				Base,
			);
			mainGroup = 8E9AFBA12FA6EEA1002E699A;
			productRefGroup = 8E9AFBAB2FA6EEA1002E699A /* Products */;
			projectDirPath = "";
			projectRoot = "";
			targets = (
				8E9AFBA92FA6EEA1002E699A /* FocusFlow */,
			);
		};
/* End PBXProject section */

/* Begin PBXResourcesBuildPhase section */
		8E9AFBA82FA6EEA1002E699A /* Resources */ = {
			isa = PBXResourcesBuildPhase;
			buildActionMask = 2147483647;
			files = (
				8E9AFBD72FA7028F002E699A /* LaunchScreen.storyboard in Resources */,
				8E9AFBB52FA6EEA3002E699A /* Preview Assets.xcassets in Resources */,
				8E9AFBB22FA6EEA3002E699A /* Assets.xcassets in Resources */,
			);
			runOnlyForDeploymentPostprocessing = 0;
		};
/* End PBXResourcesBuildPhase section */

/* Begin PBXSourcesBuildPhase section */
		8E9AFBA62FA6EEA1002E699A /* Sources */ = {
			isa = PBXSourcesBuildPhase;
			buildActionMask = 2147483647;
			files = (
				8E9AFBD32FA6FD97002E699A /* ProfileView.swift in Sources */,
				8E9AFBC52FA6F338002E699A /* TimerView.swift in Sources */,
				8E9AFBD52FA70059002E699A /* MainTabView.swift in Sources */,
				8E9AFBC32FA6F243002E699A /* Task.swift in Sources */,
				8E9AFBB02FA6EEA1002E699A /* ContentView.swift in Sources */,
				8E9AFBC72FA6F3D5002E699A /* AnalyticsView.swift in Sources */,
				8E9AFBC12FA6F186002E699A /* DashboardView.swift in Sources */,
				8E9AFBAE2FA6EEA1002E699A /* FocusFlowApp.swift in Sources */,
				8E9AFBC92FA6F505002E699A /* OnboardingView.swift in Sources */,
			);
			runOnlyForDeploymentPostprocessing = 0;
		};
/* End PBXSourcesBuildPhase section */

/* Begin XCBuildConfiguration section */
		8E9AFBB62FA6EEA3002E699A /* Debug */ = {
			isa = XCBuildConfiguration;
			buildSettings = {
				ALWAYS_SEARCH_USER_PATHS = NO;
				CLANG_ANALYZER_NONNULL = YES;
				CLANG_ANALYZER_NUMBER_OBJECT_CONVERSION = YES_AGGRESSIVE;
				CLANG_CXX_LANGUAGE_STANDARD = "gnu++20";
				CLANG_ENABLE_MODULES = YES;
				CLANG_ENABLE_OBJC_ARC = YES;
				CLANG_ENABLE_OBJC_WEAK = YES;
				CLANG_WARN_BLOCK_CAPTURE_AUTORELEASING = YES;
				CLANG_WARN_BOOL_CONVERSION = YES;
				CLANG_WARN_COMMA = YES;
				CLANG_WARN_CONSTANT_CONVERSION = YES;
				CLANG_WARN_DEPRECATED_OBJC_IMPLEMENTATIONS = YES;
				CLANG_WARN_DIRECT_OBJC_ISA_USAGE = YES_ERROR;
				CLANG_WARN_DOCUMENTATION_COMMENTS = YES;
				CLANG_WARN_EMPTY_BODY = YES;
				CLANG_WARN_ENUM_CONVERSION = YES;
				CLANG_WARN_INFINITE_RECURSION = YES;
				CLANG_WARN_INT_CONVERSION = YES;
				CLANG_WARN_NON_LITERAL_NULL_CONVERSION = YES;
				CLANG_WARN_OBJC_IMPLICIT_RETAIN_SELF = YES;
				CLANG_WARN_OBJC_LITERAL_CONVERSION = YES;
				CLANG_WARN_OBJC_ROOT_CLASS = YES_ERROR;
				CLANG_WARN_QUOTED_INCLUDE_IN_FRAMEWORK_HEADER = YES;
				CLANG_WARN_RANGE_LOOP_ANALYSIS = YES;
				CLANG_WARN_STRICT_PROTOTYPES = YES;
				CLANG_WARN_SUSPICIOUS_MOVE = YES;
				CLANG_WARN_UNGUARDED_AVAILABILITY = YES_AGGRESSIVE;
				CLANG_WARN_UNREACHABLE_CODE = YES;
				CLANG_WARN__DUPLICATE_METHOD_MATCH = YES;
				COPY_PHASE_STRIP = NO;
				DEBUG_INFORMATION_FORMAT = dwarf;
				ENABLE_STRICT_OBJC_MSGSEND = YES;
				ENABLE_TESTABILITY = YES;
				GCC_C_LANGUAGE_STANDARD = gnu11;
				GCC_DYNAMIC_NO_PIC = NO;
				GCC_NO_COMMON_BLOCKS = YES;
				GCC_OPTIMIZATION_LEVEL = 0;
				GCC_PREPROCESSOR_DEFINITIONS = (
					"DEBUG=1",
					"$(inherited)",
				);
				GCC_WARN_64_TO_32_BIT_CONVERSION = YES;
				GCC_WARN_ABOUT_RETURN_TYPE = YES_ERROR;
				GCC_WARN_UNDECLARED_SELECTOR = YES;
				GCC_WARN_UNINITIALIZED_AUTOS = YES_AGGRESSIVE;
				GCC_WARN_UNUSED_FUNCTION = YES;
				GCC_WARN_UNUSED_VARIABLE = YES;
				IPHONEOS_DEPLOYMENT_TARGET = 16.2;
				MTL_ENABLE_DEBUG_INFO = INCLUDE_SOURCE;
				MTL_FAST_MATH = YES;
				ONLY_ACTIVE_ARCH = YES;
				SDKROOT = iphoneos;
				SWIFT_ACTIVE_COMPILATION_CONDITIONS = DEBUG;
				SWIFT_OPTIMIZATION_LEVEL = "-Onone";
			};
			name = Debug;
		};
		8E9AFBB72FA6EEA3002E699A /* Release */ = {
			isa = XCBuildConfiguration;
			buildSettings = {
				ALWAYS_SEARCH_USER_PATHS = NO;
				CLANG_ANALYZER_NONNULL = YES;
				CLANG_ANALYZER_NUMBER_OBJECT_CONVERSION = YES_AGGRESSIVE;
				CLANG_CXX_LANGUAGE_STANDARD = "gnu++20";
				CLANG_ENABLE_MODULES = YES;
				CLANG_ENABLE_OBJC_ARC = YES;
				CLANG_ENABLE_OBJC_WEAK = YES;
				CLANG_WARN_BLOCK_CAPTURE_AUTORELEASING = YES;
				CLANG_WARN_BOOL_CONVERSION = YES;
				CLANG_WARN_COMMA = YES;
				CLANG_WARN_CONSTANT_CONVERSION = YES;
				CLANG_WARN_DEPRECATED_OBJC_IMPLEMENTATIONS = YES;
				CLANG_WARN_DIRECT_OBJC_ISA_USAGE = YES_ERROR;
				CLANG_WARN_DOCUMENTATION_COMMENTS = YES;
				CLANG_WARN_EMPTY_BODY = YES;
				CLANG_WARN_ENUM_CONVERSION = YES;
				CLANG_WARN_INFINITE_RECURSION = YES;
				CLANG_WARN_INT_CONVERSION = YES;
				CLANG_WARN_NON_LITERAL_NULL_CONVERSION = YES;
				CLANG_WARN_OBJC_IMPLICIT_RETAIN_SELF = YES;
				CLANG_WARN_OBJC_LITERAL_CONVERSION = YES;
				CLANG_WARN_OBJC_ROOT_CLASS = YES_ERROR;
				CLANG_WARN_QUOTED_INCLUDE_IN_FRAMEWORK_HEADER = YES;
				CLANG_WARN_RANGE_LOOP_ANALYSIS = YES;
				CLANG_WARN_STRICT_PROTOTYPES = YES;
				CLANG_WARN_SUSPICIOUS_MOVE = YES;
				CLANG_WARN_UNGUARDED_AVAILABILITY = YES_AGGRESSIVE;
				CLANG_WARN_UNREACHABLE_CODE = YES;
				CLANG_WARN__DUPLICATE_METHOD_MATCH = YES;
				COPY_PHASE_STRIP = NO;
				DEBUG_INFORMATION_FORMAT = "dwarf-with-dsym";
				ENABLE_NS_ASSERTIONS = NO;
				ENABLE_STRICT_OBJC_MSGSEND = YES;
				GCC_C_LANGUAGE_STANDARD = gnu11;
				GCC_NO_COMMON_BLOCKS = YES;
				GCC_WARN_64_TO_32_BIT_CONVERSION = YES;
				GCC_WARN_ABOUT_RETURN_TYPE = YES_ERROR;
				GCC_WARN_UNDECLARED_SELECTOR = YES;
				GCC_WARN_UNINITIALIZED_AUTOS = YES_AGGRESSIVE;
				GCC_WARN_UNUSED_FUNCTION = YES;
				GCC_WARN_UNUSED_VARIABLE = YES;
				IPHONEOS_DEPLOYMENT_TARGET = 16.2;
				MTL_ENABLE_DEBUG_INFO = NO;
				MTL_FAST_MATH = YES;
				SDKROOT = iphoneos;
				SWIFT_COMPILATION_MODE = wholemodule;
				SWIFT_OPTIMIZATION_LEVEL = "-O";
				VALIDATE_PRODUCT = YES;
			};
			name = Release;
		};
		8E9AFBB92FA6EEA3002E699A /* Debug */ = {
			isa = XCBuildConfiguration;
			buildSettings = {
				ASSETCATALOG_COMPILER_APPICON_NAME = AppIcon;
				ASSETCATALOG_COMPILER_GLOBAL_ACCENT_COLOR_NAME = AccentColor;
				CODE_SIGN_STYLE = Automatic;
				CURRENT_PROJECT_VERSION = 1;
				DEVELOPMENT_ASSET_PATHS = "\"FocusFlow/Preview Content\"";
				ENABLE_PREVIEWS = YES;
				GENERATE_INFOPLIST_FILE = YES;
				INFOPLIST_KEY_UIApplicationSceneManifest_Generation = YES;
				INFOPLIST_KEY_UIApplicationSupportsIndirectInputEvents = YES;
				INFOPLIST_KEY_UILaunchScreen_Generation = YES;
				INFOPLIST_KEY_UILaunchStoryboardName = LaunchScreen.storyboard;
				INFOPLIST_KEY_UISupportedInterfaceOrientations_iPad = "UIInterfaceOrientationPortrait UIInterfaceOrientationPortraitUpsideDown UIInterfaceOrientationLandscapeLeft UIInterfaceOrientationLandscapeRight";
				INFOPLIST_KEY_UISupportedInterfaceOrientations_iPhone = "UIInterfaceOrientationPortrait UIInterfaceOrientationLandscapeLeft UIInterfaceOrientationLandscapeRight";
				LD_RUNPATH_SEARCH_PATHS = (
					"$(inherited)",
					"@executable_path/Frameworks",
				);
				MARKETING_VERSION = 1.0;
				PRODUCT_BUNDLE_IDENTIFIER = com.saikirti.FocusFlow;
				PRODUCT_NAME = "$(TARGET_NAME)";
				SWIFT_EMIT_LOC_STRINGS = YES;
				SWIFT_VERSION = 5.0;
				TARGETED_DEVICE_FAMILY = "1,2";
			};
			name = Debug;
		};
		8E9AFBBA2FA6EEA3002E699A /* Release */ = {
			isa = XCBuildConfiguration;
			buildSettings = {
				ASSETCATALOG_COMPILER_APPICON_NAME = AppIcon;
				ASSETCATALOG_COMPILER_GLOBAL_ACCENT_COLOR_NAME = AccentColor;
				CODE_SIGN_STYLE = Automatic;
				CURRENT_PROJECT_VERSION = 1;
				DEVELOPMENT_ASSET_PATHS = "\"FocusFlow/Preview Content\"";
				ENABLE_PREVIEWS = YES;
				GENERATE_INFOPLIST_FILE = YES;
				INFOPLIST_KEY_UIApplicationSceneManifest_Generation = YES;
				INFOPLIST_KEY_UIApplicationSupportsIndirectInputEvents = YES;
				INFOPLIST_KEY_UILaunchScreen_Generation = YES;
				INFOPLIST_KEY_UILaunchStoryboardName = LaunchScreen.storyboard;
				INFOPLIST_KEY_UISupportedInterfaceOrientations_iPad = "UIInterfaceOrientationPortrait UIInterfaceOrientationPortraitUpsideDown UIInterfaceOrientationLandscapeLeft UIInterfaceOrientationLandscapeRight";
				INFOPLIST_KEY_UISupportedInterfaceOrientations_iPhone = "UIInterfaceOrientationPortrait UIInterfaceOrientationLandscapeLeft UIInterfaceOrientationLandscapeRight";
				LD_RUNPATH_SEARCH_PATHS = (
					"$(inherited)",
					"@executable_path/Frameworks",
				);
				MARKETING_VERSION = 1.0;
				PRODUCT_BUNDLE_IDENTIFIER = com.saikirti.FocusFlow;
				PRODUCT_NAME = "$(TARGET_NAME)";
				SWIFT_EMIT_LOC_STRINGS = YES;
				SWIFT_VERSION = 5.0;
				TARGETED_DEVICE_FAMILY = "1,2";
			};
			name = Release;
		};
/* End XCBuildConfiguration section */

/* Begin XCConfigurationList section */
		8E9AFBA52FA6EEA1002E699A /* Build configuration list for PBXProject "FocusFlow" */ = {
			isa = XCConfigurationList;
			buildConfigurations = (
				8E9AFBB62FA6EEA3002E699A /* Debug */,
				8E9AFBB72FA6EEA3002E699A /* Release */,
			);
			defaultConfigurationIsVisible = 0;
			defaultConfigurationName = Release;
		};
		8E9AFBB82FA6EEA3002E699A /* Build configuration list for PBXNativeTarget "FocusFlow" */ = {
			isa = XCConfigurationList;
			buildConfigurations = (
				8E9AFBB92FA6EEA3002E699A /* Debug */,
				8E9AFBBA2FA6EEA3002E699A /* Release */,
			);
			defaultConfigurationIsVisible = 0;
			defaultConfigurationName = Release;
		};
/* End XCConfigurationList section */
	};
	rootObject = 8E9AFBA22FA6EEA1002E699A /* Project object */;
}
